
Microsoft Visual Studio Solution File, Format Version 12.00
Project("{FAE04EC0-301F-11D3-BF4B-00C04F79EFBC}") = "MoviesRegisterRest", "MoviesRegisterRest\MoviesRegisterRest.csproj", "{48E7F75D-5E0A-4119-A5E1-3567A561BBFB}"
EndProject
Global
	GlobalSection(SolutionConfigurationPlatforms) = preSolution
		Debug|Any CPU = Debug|Any CPU
		Release|Any CPU = Release|Any CPU
	EndGlobalSection
	GlobalSection(ProjectConfigurationPlatforms) = postSolution
		{48E7F75D-5E0A-4119-A5E1-3567A561BBFB}.Debug|Any CPU.ActiveCfg = Debug|Any CPU
		{48E7F75D-5E0A-4119-A5E1-3567A561BBFB}.Debug|Any CPU.Build.0 = Debug|Any CPU
		{48E7F75D-5E0A-4119-A5E1-3567A561BBFB}.Release|Any CPU.ActiveCfg = Release|Any CPU
		{48E7F75D-5E0A-4119-A5E1-3567A561BBFB}.Release|Any CPU.Build.0 = Release|Any CPU
	EndGlobalSection
EndGlobal
